
Microsoft Visual Studio Solution File, Format Version 12.00
# Visual Studio Version 17
VisualStudioVersion = 17.8.34309.116
MinimumVisualStudioVersion = 10.0.40219.1
Project("{9A19103F-16F7-4668-BE54-9A1E7A4F7556}") = "AdventOfCode2023-Day1", "AdventOfCode2023-Day1\AdventOfCode2023-Day1.csproj", "{53F17B16-F76F-4646-8B1E-0B46CCE26D4B}"
EndProject
Project("{9A19103F-16F7-4668-BE54-9A1E7A4F7556}") = "AdventOfCode2023-Day2", "AdventOfCode2023-Day2\AdventOfCode2023-Day2.csproj", "{6C8E68C1-0179-494A-8AF2-BC5AF43B001C}"
EndProject
Project("{9A19103F-16F7-4668-BE54-9A1E7A4F7556}") = "AdventOfCode2023-Utils", "AdventOfCode2023-Utils\AdventOfCode2023-Utils.csproj", "{3E0823E7-BFCF-4C4D-AAB9-D47F69BCDA25}"
EndProject
Project("{9A19103F-16F7-4668-BE54-9A1E7A4F7556}") = "AdventOfCode2023-Day3", "AdventOfCode2023-Day3\AdventOfCode2023-Day3.csproj", "{D249E23A-ABE2-42D7-A071-BC110BCDF84F}"
EndProject
Project("{9A19103F-16F7-4668-BE54-9A1E7A4F7556}") = "AdventOfCode2023-Day4", "AdventOfCode2023-Day4\AdventOfCode2023-Day4.csproj", "{BA54F7B5-05E6-4043-BF44-6759EE718AA5}"
EndProject
Project("{9A19103F-16F7-4668-BE54-9A1E7A4F7556}") = "AdventOfCode2023-Day5", "AdventOfCode2023-Day5\AdventOfCode2023-Day5.csproj", "{ED856CE5-6892-41B4-B333-68C249576E08}"
EndProject
Project("{9A19103F-16F7-4668-BE54-9A1E7A4F7556}") = "AdventOfCode2023-Day6", "AdventOfCode2023-Day6\AdventOfCode2023-Day6.csproj", "{3385BC05-6A1D-4AD1-A8B9-E08DA0CD26C9}"
EndProject
Project("{FAE04EC0-301F-11D3-BF4B-00C04F79EFBC}") = "AdventOfCode2023-Day7", "AdventOfCode2023-Day7\AdventOfCode2023-Day7.csproj", "{1BD5F2BB-1ADC-4718-9B2F-AD5B80E36E65}"
EndProject
Global
	GlobalSection(SolutionConfigurationPlatforms) = preSolution
		Debug|Any CPU = Debug|Any CPU
		Release|Any CPU = Release|Any CPU
	EndGlobalSection
	GlobalSection(ProjectConfigurationPlatforms) = postSolution
		{53F17B16-F76F-4646-8B1E-0B46CCE26D4B}.Debug|Any CPU.ActiveCfg = Debug|Any CPU
		{53F17B16-F76F-4646-8B1E-0B46CCE26D4B}.Debug|Any CPU.Build.0 = Debug|Any CPU
		{53F17B16-F76F-4646-8B1E-0B46CCE26D4B}.Release|Any CPU.ActiveCfg = Release|Any CPU
		{53F17B16-F76F-4646-8B1E-0B46CCE26D4B}.Release|Any CPU.Build.0 = Release|Any CPU
		{6C8E68C1-0179-494A-8AF2-BC5AF43B001C}.Debug|Any CPU.ActiveCfg = Debug|Any CPU
		{6C8E68C1-0179-494A-8AF2-BC5AF43B001C}.Debug|Any CPU.Build.0 = Debug|Any CPU
		{6C8E68C1-0179-494A-8AF2-BC5AF43B001C}.Release|Any CPU.ActiveCfg = Release|Any CPU
		{6C8E68C1-0179-494A-8AF2-BC5AF43B001C}.Release|Any CPU.Build.0 = Release|Any CPU
		{3E0823E7-BFCF-4C4D-AAB9-D47F69BCDA25}.Debug|Any CPU.ActiveCfg = Debug|Any CPU
		{3E0823E7-BFCF-4C4D-AAB9-D47F69BCDA25}.Debug|Any CPU.Build.0 = Debug|Any CPU
		{3E0823E7-BFCF-4C4D-AAB9-D47F69BCDA25}.Release|Any CPU.ActiveCfg = Release|Any CPU
		{3E0823E7-BFCF-4C4D-AAB9-D47F69BCDA25}.Release|Any CPU.Build.0 = Release|Any CPU
		{D249E23A-ABE2-42D7-A071-BC110BCDF84F}.Debug|Any CPU.ActiveCfg = Debug|Any CPU
		{D249E23A-ABE2-42D7-A071-BC110BCDF84F}.Debug|Any CPU.Build.0 = Debug|Any CPU
		{D249E23A-ABE2-42D7-A071-BC110BCDF84F}.Release|Any CPU.ActiveCfg = Release|Any CPU
		{D249E23A-ABE2-42D7-A071-BC110BCDF84F}.Release|Any CPU.Build.0 = Release|Any CPU
		{BA54F7B5-05E6-4043-BF44-6759EE718AA5}.Debug|Any CPU.ActiveCfg = Debug|Any CPU
		{BA54F7B5-05E6-4043-BF44-6759EE718AA5}.Debug|Any CPU.Build.0 = Debug|Any CPU
		{BA54F7B5-05E6-4043-BF44-6759EE718AA5}.Release|Any CPU.ActiveCfg = Release|Any CPU
		{BA54F7B5-05E6-4043-BF44-6759EE718AA5}.Release|Any CPU.Build.0 = Release|Any CPU
		{ED856CE5-6892-41B4-B333-68C249576E08}.Debug|Any CPU.ActiveCfg = Debug|Any CPU
		{ED856CE5-6892-41B4-B333-68C249576E08}.Debug|Any CPU.Build.0 = Debug|Any CPU
		{ED856CE5-6892-41B4-B333-68C249576E08}.Release|Any CPU.ActiveCfg = Release|Any CPU
		{ED856CE5-6892-41B4-B333-68C249576E08}.Release|Any CPU.Build.0 = Release|Any CPU
		{3385BC05-6A1D-4AD1-A8B9-E08DA0CD26C9}.Debug|Any CPU.ActiveCfg = Debug|Any CPU
		{3385BC05-6A1D-4AD1-A8B9-E08DA0CD26C9}.Debug|Any CPU.Build.0 = Debug|Any CPU
		{3385BC05-6A1D-4AD1-A8B9-E08DA0CD26C9}.Release|Any CPU.ActiveCfg = Release|Any CPU
		{3385BC05-6A1D-4AD1-A8B9-E08DA0CD26C9}.Release|Any CPU.Build.0 = Release|Any CPU
		{1BD5F2BB-1ADC-4718-9B2F-AD5B80E36E65}.Debug|Any CPU.ActiveCfg = Debug|Any CPU
		{1BD5F2BB-1ADC-4718-9B2F-AD5B80E36E65}.Debug|Any CPU.Build.0 = Debug|Any CPU
		{1BD5F2BB-1ADC-4718-9B2F-AD5B80E36E65}.Release|Any CPU.ActiveCfg = Release|Any CPU
		{1BD5F2BB-1ADC-4718-9B2F-AD5B80E36E65}.Release|Any CPU.Build.0 = Release|Any CPU
	EndGlobalSection
	GlobalSection(SolutionProperties) = preSolution
		HideSolutionNode = FALSE
	EndGlobalSection
	GlobalSection(ExtensibilityGlobals) = postSolution
		SolutionGuid = {B599E83C-BE04-4D83-B697-22893227B1A5}
	EndGlobalSection
EndGlobal
